// !$*UTF8*$!
{
	archiveVersion = 1;
	classes = {
	};
	objectVersion = 46;
	objects = {

/* Begin PBXBuildFile section */
		4BC8C2AF1AAAE35B00E9FAC6 /* AppDelegate.swift in Sources */ = {isa = PBXBuildFile; fileRef = 4BC8C2AE1AAAE35B00E9FAC6 /* AppDelegate.swift */; };
		4BC8C2B11AAAE35B00E9FAC6 /* ViewController.swift in Sources */ = {isa = PBXBuildFile; fileRef = 4BC8C2B01AAAE35B00E9FAC6 /* ViewController.swift */; };
		4BC8C2B41AAAE35B00E9FAC6 /* Main.storyboard in Resources */ = {isa = PBXBuildFile; fileRef = 4BC8C2B21AAAE35B00E9FAC6 /* Main.storyboard */; };
		4BC8C2B61AAAE35B00E9FAC6 /* Images.xcassets in Resources */ = {isa = PBXBuildFile; fileRef = 4BC8C2B51AAAE35B00E9FAC6 /* Images.xcassets */; };
		4BC8C2C51AAAE35B00E9FAC6 /* tumblrTests.swift in Sources */ = {isa = PBXBuildFile; fileRef = 4BC8C2C41AAAE35B00E9FAC6 /* tumblrTests.swift */; };
		4BC8C2CF1AAAE94700E9FAC6 /* TabBarViewController.swift in Sources */ = {isa = PBXBuildFile; fileRef = 4BC8C2CE1AAAE94700E9FAC6 /* TabBarViewController.swift */; };
		4BC8C2D11AAAED7300E9FAC6 /* HomeViewController.swift in Sources */ = {isa = PBXBuildFile; fileRef = 4BC8C2D01AAAED7300E9FAC6 /* HomeViewController.swift */; };
		4BC8C2D31AAAEF1B00E9FAC6 /* SearchViewController.swift in Sources */ = {isa = PBXBuildFile; fileRef = 4BC8C2D21AAAEF1B00E9FAC6 /* SearchViewController.swift */; };
		4BC8C2D51AAAEFB600E9FAC6 /* ComposeViewController.swift in Sources */ = {isa = PBXBuildFile; fileRef = 4BC8C2D41AAAEFB600E9FAC6 /* ComposeViewController.swift */; };
		4BC8C2D71AAAEFC800E9FAC6 /* AccountViewController.swift in Sources */ = {isa = PBXBuildFile; fileRef = 4BC8C2D61AAAEFC800E9FAC6 /* AccountViewController.swift */; };
		4BC8C2D91AAAEFD400E9FAC6 /* TrendingViewController.swift in Sources */ = {isa = PBXBuildFile; fileRef = 4BC8C2D81AAAEFD400E9FAC6 /* TrendingViewController.swift */; };
		4BC8C2DB1AABA3A600E9FAC6 /* Common.swift in Sources */ = {isa = PBXBuildFile; fileRef = 4BC8C2DA1AABA3A600E9FAC6 /* Common.swift */; };
		4BC8C2DD1AABC28F00E9FAC6 /* LoginViewController.swift in Sources */ = {isa = PBXBuildFile; fileRef = 4BC8C2DC1AABC28F00E9FAC6 /* LoginViewController.swift */; };
/* End PBXBuildFile section */

/* Begin PBXContainerItemProxy section */
		4BC8C2BF1AAAE35B00E9FAC6 /* PBXContainerItemProxy */ = {
			isa = PBXContainerItemProxy;
			containerPortal = 4BC8C2A11AAAE35B00E9FAC6 /* Project object */;
			proxyType = 1;
			remoteGlobalIDString = 4BC8C2A81AAAE35B00E9FAC6;
			remoteInfo = tumblr;
		};
/* End PBXContainerItemProxy section */

/* Begin PBXFileReference section */
		4BC8C2A91AAAE35B00E9FAC6 /* tumblr.app */ = {isa = PBXFileReference; explicitFileType = wrapper.application; includeInIndex = 0; path = tumblr.app; sourceTree = BUILT_PRODUCTS_DIR; };
		4BC8C2AD1AAAE35B00E9FAC6 /* Info.plist */ = {isa = PBXFileReference; lastKnownFileType = text.plist.xml; path = Info.plist; sourceTree = "<group>"; };
		4BC8C2AE1AAAE35B00E9FAC6 /* AppDelegate.swift */ = {isa = PBXFileReference; lastKnownFileType = sourcecode.swift; path = AppDelegate.swift; sourceTree = "<group>"; };
		4BC8C2B01AAAE35B00E9FAC6 /* ViewController.swift */ = {isa = PBXFileReference; lastKnownFileType = sourcecode.swift; path = ViewController.swift; sourceTree = "<group>"; };
		4BC8C2B31AAAE35B00E9FAC6 /* Base */ = {isa = PBXFileReference; lastKnownFileType = file.storyboard; name = Base; path = Base.lproj/Main.storyboard; sourceTree = "<group>"; };
		4BC8C2B51AAAE35B00E9FAC6 /* Images.xcassets */ = {isa = PBXFileReference; lastKnownFileType = folder.assetcatalog; path = Images.xcassets; sourceTree = "<group>"; };
		4BC8C2BE1AAAE35B00E9FAC6 /* tumblrTests.xctest */ = {isa = PBXFileReference; explicitFileType = wrapper.cfbundle; includeInIndex = 0; path = tumblrTests.xctest; sourceTree = BUILT_PRODUCTS_DIR; };
		4BC8C2C31AAAE35B00E9FAC6 /* Info.plist */ = {isa = PBXFileReference; lastKnownFileType = text.plist.xml; path = Info.plist; sourceTree = "<group>"; };
		4BC8C2C41AAAE35B00E9FAC6 /* tumblrTests.swift */ = {isa = PBXFileReference; lastKnownFileType = sourcecode.swift; path = tumblrTests.swift; sourceTree = "<group>"; };
		4BC8C2CE1AAAE94700E9FAC6 /* TabBarViewController.swift */ = {isa = PBXFileReference; fileEncoding = 4; lastKnownFileType = sourcecode.swift; path = TabBarViewController.swift; sourceTree = "<group>"; };
		4BC8C2D01AAAED7300E9FAC6 /* HomeViewController.swift */ = {isa = PBXFileReference; fileEncoding = 4; lastKnownFileType = sourcecode.swift; path = HomeViewController.swift; sourceTree = "<group>"; };
		4BC8C2D21AAAEF1B00E9FAC6 /* SearchViewController.swift */ = {isa = PBXFileReference; fileEncoding = 4; lastKnownFileType = sourcecode.swift; path = SearchViewController.swift; sourceTree = "<group>"; };
		4BC8C2D41AAAEFB600E9FAC6 /* ComposeViewController.swift */ = {isa = PBXFileReference; fileEncoding = 4; lastKnownFileType = sourcecode.swift; path = ComposeViewController.swift; sourceTree = "<group>"; };
		4BC8C2D61AAAEFC800E9FAC6 /* AccountViewController.swift */ = {isa = PBXFileReference; fileEncoding = 4; lastKnownFileType = sourcecode.swift; path = AccountViewController.swift; sourceTree = "<group>"; };
		4BC8C2D81AAAEFD400E9FAC6 /* TrendingViewController.swift */ = {isa = PBXFileReference; fileEncoding = 4; lastKnownFileType = sourcecode.swift; path = TrendingViewController.swift; sourceTree = "<group>"; };
		4BC8C2DA1AABA3A600E9FAC6 /* Common.swift */ = {isa = PBXFileReference; fileEncoding = 4; lastKnownFileType = sourcecode.swift; path = Common.swift; sourceTree = "<group>"; };
		4BC8C2DC1AABC28F00E9FAC6 /* LoginViewController.swift */ = {isa = PBXFileReference; fileEncoding = 4; lastKnownFileType = sourcecode.swift; path = LoginViewController.swift; sourceTree = "<group>"; };
/* End PBXFileReference section */

/* Begin PBXFrameworksBuildPhase section */
		4BC8C2A61AAAE35B00E9FAC6 /* Frameworks */ = {
			isa = PBXFrameworksBuildPhase;
			buildActionMask = 2147483647;
			files = (
			);
			runOnlyForDeploymentPostprocessing = 0;
		};
		4BC8C2BB1AAAE35B00E9FAC6 /* Frameworks */ = {
			isa = PBXFrameworksBuildPhase;
			buildActionMask = 2147483647;
			files = (
			);
			runOnlyForDeploymentPostprocessing = 0;
		};
/* End PBXFrameworksBuildPhase section */

/* Begin PBXGroup section */
		4BC8C2A01AAAE35B00E9FAC6 = {
			isa = PBXGroup;
			children = (
				4BC8C2AB1AAAE35B00E9FAC6 /* tumblr */,
				4BC8C2C11AAAE35B00E9FAC6 /* tumblrTests */,
				4BC8C2AA1AAAE35B00E9FAC6 /* Products */,
			);
			sourceTree = "<group>";
		};
		4BC8C2AA1AAAE35B00E9FAC6 /* Products */ = {
			isa = PBXGroup;
			children = (
				4BC8C2A91AAAE35B00E9FAC6 /* tumblr.app */,
				4BC8C2BE1AAAE35B00E9FAC6 /* tumblrTests.xctest */,
			);
			name = Products;
			sourceTree = "<group>";
		};
		4BC8C2AB1AAAE35B00E9FAC6 /* tumblr */ = {
			isa = PBXGroup;
			children = (
				4BC8C2AE1AAAE35B00E9FAC6 /* AppDelegate.swift */,
				4BC8C2B01AAAE35B00E9FAC6 /* ViewController.swift */,
				4BC8C2B21AAAE35B00E9FAC6 /* Main.storyboard */,
				4BC8C2DC1AABC28F00E9FAC6 /* LoginViewController.swift */,
				4BC8C2D81AAAEFD400E9FAC6 /* TrendingViewController.swift */,
				4BC8C2D61AAAEFC800E9FAC6 /* AccountViewController.swift */,
				4BC8C2D41AAAEFB600E9FAC6 /* ComposeViewController.swift */,
				4BC8C2D21AAAEF1B00E9FAC6 /* SearchViewController.swift */,
				4BC8C2D01AAAED7300E9FAC6 /* HomeViewController.swift */,
				4BC8C2CE1AAAE94700E9FAC6 /* TabBarViewController.swift */,
				4BC8C2DA1AABA3A600E9FAC6 /* Common.swift */,
				4BC8C2B51AAAE35B00E9FAC6 /* Images.xcassets */,
				4BC8C2AC1AAAE35B00E9FAC6 /* Supporting Files */,
			);
			path = tumblr;
			sourceTree = "<group>";
		};
		4BC8C2AC1AAAE35B00E9FAC6 /* Supporting Files */ = {
			isa = PBXGroup;
			children = (
				4BC8C2AD1AAAE35B00E9FAC6 /* Info.plist */,
			);
			name = "Supporting Files";
			sourceTree = "<group>";
		};
		4BC8C2C11AAAE35B00E9FAC6 /* tumblrTests */ = {
			isa = PBXGroup;
			children = (
				4BC8C2C41AAAE35B00E9FAC6 /* tumblrTests.swift */,
				4BC8C2C21AAAE35B00E9FAC6 /* Supporting Files */,
			);
			path = tumblrTests;
			sourceTree = "<group>";
		};
		4BC8C2C21AAAE35B00E9FAC6 /* Supporting Files */ = {
			isa = PBXGroup;
			children = (
				4BC8C2C31AAAE35B00E9FAC6 /* Info.plist */,
			);
			name = "Supporting Files";
			sourceTree = "<group>";
		};
/* End PBXGroup section */

/* Begin PBXNativeTarget section */
		4BC8C2A81AAAE35B00E9FAC6 /* tumblr */ = {
			isa = PBXNativeTarget;
			buildConfigurationList = 4BC8C2C81AAAE35B00E9FAC6 /* Build configuration list for PBXNativeTarget "tumblr" */;
			buildPhases = (
				4BC8C2A51AAAE35B00E9FAC6 /* Sources */,
				4BC8C2A61AAAE35B00E9FAC6 /* Frameworks */,
				4BC8C2A71AAAE35B00E9FAC6 /* Resources */,
			);
			buildRules = (
			);
			dependencies = (
			);
			name = tumblr;
			productName = tumblr;
			productReference = 4BC8C2A91AAAE35B00E9FAC6 /* tumblr.app */;
			productType = "com.apple.product-type.application";
		};
		4BC8C2BD1AAAE35B00E9FAC6 /* tumblrTests */ = {
			isa = PBXNativeTarget;
			buildConfigurationList = 4BC8C2CB1AAAE35B00E9FAC6 /* Build configuration list for PBXNativeTarget "tumblrTests" */;
			buildPhases = (
				4BC8C2BA1AAAE35B00E9FAC6 /* Sources */,
				4BC8C2BB1AAAE35B00E9FAC6 /* Frameworks */,
				4BC8C2BC1AAAE35B00E9FAC6 /* Resources */,
			);
			buildRules = (
			);
			dependencies = (
				4BC8C2C01AAAE35B00E9FAC6 /* PBXTargetDependency */,
			);
			name = tumblrTests;
			productName = tumblrTests;
			productReference = 4BC8C2BE1AAAE35B00E9FAC6 /* tumblrTests.xctest */;
			productType = "com.apple.product-type.bundle.unit-test";
		};
/* End PBXNativeTarget section */

/* Begin PBXProject section */
		4BC8C2A11AAAE35B00E9FAC6 /* Project object */ = {
			isa = PBXProject;
			attributes = {
				LastUpgradeCheck = 0610;
				ORGANIZATIONNAME = "Wan-Ting Huang";
				TargetAttributes = {
					4BC8C2A81AAAE35B00E9FAC6 = {
						CreatedOnToolsVersion = 6.1.1;
					};
					4BC8C2BD1AAAE35B00E9FAC6 = {
						CreatedOnToolsVersion = 6.1.1;
						TestTargetID = 4BC8C2A81AAAE35B00E9FAC6;
					};
				};
			};
			buildConfigurationList = 4BC8C2A41AAAE35B00E9FAC6 /* Build configuration list for PBXProject "tumblr" */;
			compatibilityVersion = "Xcode 3.2";
			developmentRegion = English;
			hasScannedForEncodings = 0;
			knownRegions = (
				en,
				Base,
			);
			mainGroup = 4BC8C2A01AAAE35B00E9FAC6;
			productRefGroup = 4BC8C2AA1AAAE35B00E9FAC6 /* Products */;
			projectDirPath = "";
			projectRoot = "";
			targets = (
				4BC8C2A81AAAE35B00E9FAC6 /* tumblr */,
				4BC8C2BD1AAAE35B00E9FAC6 /* tumblrTests */,
			);
		};
/* End PBXProject section */

/* Begin PBXResourcesBuildPhase section */
		4BC8C2A71AAAE35B00E9FAC6 /* Resources */ = {
			isa = PBXResourcesBuildPhase;
			buildActionMask = 2147483647;
			files = (
				4BC8C2B41AAAE35B00E9FAC6 /* Main.storyboard in Resources */,
				4BC8C2B61AAAE35B00E9FAC6 /* Images.xcassets in Resources */,
			);
			runOnlyForDeploymentPostprocessing = 0;
		};
		4BC8C2BC1AAAE35B00E9FAC6 /* Resources */ = {
			isa = PBXResourcesBuildPhase;
			buildActionMask = 2147483647;
			files = (
			);
			runOnlyForDeploymentPostprocessing = 0;
		};
/* End PBXResourcesBuildPhase section */

/* Begin PBXSourcesBuildPhase section */
		4BC8C2A51AAAE35B00E9FAC6 /* Sources */ = {
			isa = PBXSourcesBuildPhase;
			buildActionMask = 2147483647;
			files = (
				4BC8C2D31AAAEF1B00E9FAC6 /* SearchViewController.swift in Sources */,
				4BC8C2D91AAAEFD400E9FAC6 /* TrendingViewController.swift in Sources */,
				4BC8C2B11AAAE35B00E9FAC6 /* ViewController.swift in Sources */,
				4BC8C2D71AAAEFC800E9FAC6 /* AccountViewController.swift in Sources */,
				4BC8C2DB1AABA3A600E9FAC6 /* Common.swift in Sources */,
				4BC8C2CF1AAAE94700E9FAC6 /* TabBarViewController.swift in Sources */,
				4BC8C2D51AAAEFB600E9FAC6 /* ComposeViewController.swift in Sources */,
				4BC8C2AF1AAAE35B00E9FAC6 /* AppDelegate.swift in Sources */,
				4BC8C2DD1AABC28F00E9FAC6 /* LoginViewController.swift in Sources */,
				4BC8C2D11AAAED7300E9FAC6 /* HomeViewController.swift in Sources */,
			);
			runOnlyForDeploymentPostprocessing = 0;
		};
		4BC8C2BA1AAAE35B00E9FAC6 /* Sources */ = {
			isa = PBXSourcesBuildPhase;
			buildActionMask = 2147483647;
			files = (
				4BC8C2C51AAAE35B00E9FAC6 /* tumblrTests.swift in Sources */,
			);
			runOnlyForDeploymentPostprocessing = 0;
		};
/* End PBXSourcesBuildPhase section */

/* Begin PBXTargetDependency section */
		4BC8C2C01AAAE35B00E9FAC6 /* PBXTargetDependency */ = {
			isa = PBXTargetDependency;
			target = 4BC8C2A81AAAE35B00E9FAC6 /* tumblr */;
			targetProxy = 4BC8C2BF1AAAE35B00E9FAC6 /* PBXContainerItemProxy */;
		};
/* End PBXTargetDependency section */

/* Begin PBXVariantGroup section */
		4BC8C2B21AAAE35B00E9FAC6 /* Main.storyboard */ = {
			isa = PBXVariantGroup;
			children = (
				4BC8C2B31AAAE35B00E9FAC6 /* Base */,
			);
			name = Main.storyboard;
			sourceTree = "<group>";
		};
/* End PBXVariantGroup section */

/* Begin XCBuildConfiguration section */
		4BC8C2C61AAAE35B00E9FAC6 /* Debug */ = {
			isa = XCBuildConfiguration;
			buildSettings = {
				ALWAYS_SEARCH_USER_PATHS = NO;
				CLANG_CXX_LANGUAGE_STANDARD = "gnu++0x";
				CLANG_CXX_LIBRARY = "libc++";
				CLANG_ENABLE_MODULES = YES;
				CLANG_ENABLE_OBJC_ARC = YES;
				CLANG_WARN_BOOL_CONVERSION = YES;
				CLANG_WARN_CONSTANT_CONVERSION = YES;
				CLANG_WARN_DIRECT_OBJC_ISA_USAGE = YES_ERROR;
				CLANG_WARN_EMPTY_BODY = YES;
				CLANG_WARN_ENUM_CONVERSION = YES;
				CLANG_WARN_INT_CONVERSION = YES;
				CLANG_WARN_OBJC_ROOT_CLASS = YES_ERROR;
				CLANG_WARN_UNREACHABLE_CODE = YES;
				CLANG_WARN__DUPLICATE_METHOD_MATCH = YES;
				"CODE_SIGN_IDENTITY[sdk=iphoneos*]" = "iPhone Developer";
				COPY_PHASE_STRIP = NO;
				ENABLE_STRICT_OBJC_MSGSEND = YES;
				GCC_C_LANGUAGE_STANDARD = gnu99;
				GCC_DYNAMIC_NO_PIC = NO;
				GCC_OPTIMIZATION_LEVEL = 0;
				GCC_PREPROCESSOR_DEFINITIONS = (
					"DEBUG=1",
					"$(inherited)",
				);
				GCC_SYMBOLS_PRIVATE_EXTERN = NO;
				GCC_WARN_64_TO_32_BIT_CONVERSION = YES;
				GCC_WARN_ABOUT_RETURN_TYPE = YES_ERROR;
				GCC_WARN_UNDECLARED_SELECTOR = YES;
				GCC_WARN_UNINITIALIZED_AUTOS = YES_AGGRESSIVE;
				GCC_WARN_UNUSED_FUNCTION = YES;
				GCC_WARN_UNUSED_VARIABLE = YES;
				IPHONEOS_DEPLOYMENT_TARGET = 8.1;
				MTL_ENABLE_DEBUG_INFO = YES;
				ONLY_ACTIVE_ARCH = YES;
				SDKROOT = iphoneos;
				SWIFT_OPTIMIZATION_LEVEL = "-Onone";
			};
			name = Debug;
		};
		4BC8C2C71AAAE35B00E9FAC6 /* Release */ = {
			isa = XCBuildConfiguration;
			buildSettings = {
				ALWAYS_SEARCH_USER_PATHS = NO;
				CLANG_CXX_LANGUAGE_STANDARD = "gnu++0x";
				CLANG_CXX_LIBRARY = "libc++";
				CLANG_ENABLE_MODULES = YES;
				CLANG_ENABLE_OBJC_ARC = YES;
				CLANG_WARN_BOOL_CONVERSION = YES;
				CLANG_WARN_CONSTANT_CONVERSION = YES;
				CLANG_WARN_DIRECT_OBJC_ISA_USAGE = YES_ERROR;
				CLANG_WARN_EMPTY_BODY = YES;
				CLANG_WARN_ENUM_CONVERSION = YES;
				CLANG_WARN_INT_CONVERSION = YES;
				CLANG_WARN_OBJC_ROOT_CLASS = YES_ERROR;
				CLANG_WARN_UNREACHABLE_CODE = YES;
				CLANG_WARN__DUPLICATE_METHOD_MATCH = YES;
				"CODE_SIGN_IDENTITY[sdk=iphoneos*]" = "iPhone Developer";
				COPY_PHASE_STRIP = YES;
				ENABLE_NS_ASSERTIONS = NO;
				ENABLE_STRICT_OBJC_MSGSEND = YES;
				GCC_C_LANGUAGE_STANDARD = gnu99;
				GCC_WARN_64_TO_32_BIT_CONVERSION = YES;
				GCC_WARN_ABOUT_RETURN_TYPE = YES_ERROR;
				GCC_WARN_UNDECLARED_SELECTOR = YES;
				GCC_WARN_UNINITIALIZED_AUTOS = YES_AGGRESSIVE;
				GCC_WARN_UNUSED_FUNCTION = YES;
				GCC_WARN_UNUSED_VARIABLE = YES;
				IPHONEOS_DEPLOYMENT_TARGET = 8.1;
				MTL_ENABLE_DEBUG_INFO = NO;
				SDKROOT = iphoneos;
				VALIDATE_PRODUCT = YES;
			};
			name = Release;
		};
		4BC8C2C91AAAE35B00E9FAC6 /* Debug */ = {
			isa = XCBuildConfiguration;
			buildSettings = {
				ASSETCATALOG_COMPILER_APPICON_NAME = AppIcon;
				ASSETCATALOG_COMPILER_LAUNCHIMAGE_NAME = LaunchImage;
				INFOPLIST_FILE = tumblr/Info.plist;
				LD_RUNPATH_SEARCH_PATHS = "$(inherited) @executable_path/Frameworks";
				PRODUCT_NAME = "$(TARGET_NAME)";
			};
			name = Debug;
		};
		4BC8C2CA1AAAE35B00E9FAC6 /* Release */ = {
			isa = XCBuildConfiguration;
			buildSettings = {
				ASSETCATALOG_COMPILER_APPICON_NAME = AppIcon;
				ASSETCATALOG_COMPILER_LAUNCHIMAGE_NAME = LaunchImage;
				INFOPLIST_FILE = tumblr/Info.plist;
				LD_RUNPATH_SEARCH_PATHS = "$(inherited) @executable_path/Frameworks";
				PRODUCT_NAME = "$(TARGET_NAME)";
			};
			name = Release;
		};
		4BC8C2CC1AAAE35B00E9FAC6 /* Debug */ = {
			isa = XCBuildConfiguration;
			buildSettings = {
				BUNDLE_LOADER = "$(TEST_HOST)";
				FRAMEWORK_SEARCH_PATHS = (
					"$(SDKROOT)/Developer/Library/Frameworks",
					"$(inherited)",
				);
				GCC_PREPROCESSOR_DEFINITIONS = (
					"DEBUG=1",
					"$(inherited)",
				);
				INFOPLIST_FILE = tumblrTests/Info.plist;
				LD_RUNPATH_SEARCH_PATHS = "$(inherited) @executable_path/Frameworks @loader_path/Frameworks";
				PRODUCT_NAME = "$(TARGET_NAME)";
				TEST_HOST = "$(BUILT_PRODUCTS_DIR)/tumblr.app/tumblr";
			};
			name = Debug;
		};
		4BC8C2CD1AAAE35B00E9FAC6 /* Release */ = {
			isa = XCBuildConfiguration;
			buildSettings = {
				BUNDLE_LOADER = "$(TEST_HOST)";
				FRAMEWORK_SEARCH_PATHS = (
					"$(SDKROOT)/Developer/Library/Frameworks",
					"$(inherited)",
				);
				INFOPLIST_FILE = tumblrTests/Info.plist;
				LD_RUNPATH_SEARCH_PATHS = "$(inherited) @executable_path/Frameworks @loader_path/Frameworks";
				PRODUCT_NAME = "$(TARGET_NAME)";
				TEST_HOST = "$(BUILT_PRODUCTS_DIR)/tumblr.app/tumblr";
			};
			name = Release;
		};
/* End XCBuildConfiguration section */

/* Begin XCConfigurationList section */
		4BC8C2A41AAAE35B00E9FAC6 /* Build configuration list for PBXProject "tumblr" */ = {
			isa = XCConfigurationList;
			buildConfigurations = (
				4BC8C2C61AAAE35B00E9FAC6 /* Debug */,
				4BC8C2C71AAAE35B00E9FAC6 /* Release */,
			);
			defaultConfigurationIsVisible = 0;
			defaultConfigurationName = Release;
		};
		4BC8C2C81AAAE35B00E9FAC6 /* Build configuration list for PBXNativeTarget "tumblr" */ = {
			isa = XCConfigurationList;
			buildConfigurations = (
				4BC8C2C91AAAE35B00E9FAC6 /* Debug */,
				4BC8C2CA1AAAE35B00E9FAC6 /* Release */,
			);
			defaultConfigurationIsVisible = 0;
			defaultConfigurationName = Release;
		};
		4BC8C2CB1AAAE35B00E9FAC6 /* Build configuration list for PBXNativeTarget "tumblrTests" */ = {
			isa = XCConfigurationList;
			buildConfigurations = (
				4BC8C2CC1AAAE35B00E9FAC6 /* Debug */,
				4BC8C2CD1AAAE35B00E9FAC6 /* Release */,
			);
			defaultConfigurationIsVisible = 0;
			defaultConfigurationName = Release;
		};
/* End XCConfigurationList section */
	};
	rootObject = 4BC8C2A11AAAE35B00E9FAC6 /* Project object */;
}
